
Microsoft Visual Studio Solution File, Format Version 12.00
# Visual Studio Version 17
VisualStudioVersion = 17.9.34902.65
MinimumVisualStudioVersion = 10.0.40219.1
Project("{FAE04EC0-301F-11D3-BF4B-00C04F79EFBC}") = "TicTacToe", "TicTacToe\TicTacToe.csproj", "{5F0D3D86-4774-4CDF-B019-A448DBBCDA8E}"
EndProject
Project("{FAE04EC0-301F-11D3-BF4B-00C04F79EFBC}") = "TicTacToe.Client", "TicTacToe.Client\TicTacToe.Client.csproj", "{BAC610F2-23E7-487E-8B54-0C5D186CD5B2}"
EndProject
Global
	GlobalSection(SolutionConfigurationPlatforms) = preSolution
		Debug|Any CPU = Debug|Any CPU
		Release|Any CPU = Release|Any CPU
	EndGlobalSection
	GlobalSection(ProjectConfigurationPlatforms) = postSolution
		{5F0D3D86-4774-4CDF-B019-A448DBBCDA8E}.Debug|Any CPU.ActiveCfg = Debug|Any CPU
		{5F0D3D86-4774-4CDF-B019-A448DBBCDA8E}.Debug|Any CPU.Build.0 = Debug|Any CPU
		{5F0D3D86-4774-4CDF-B019-A448DBBCDA8E}.Release|Any CPU.ActiveCfg = Release|Any CPU
		{5F0D3D86-4774-4CDF-B019-A448DBBCDA8E}.Release|Any CPU.Build.0 = Release|Any CPU
		{BAC610F2-23E7-487E-8B54-0C5D186CD5B2}.Debug|Any CPU.ActiveCfg = Debug|Any CPU
		{BAC610F2-23E7-487E-8B54-0C5D186CD5B2}.Debug|Any CPU.Build.0 = Debug|Any CPU
		{BAC610F2-23E7-487E-8B54-0C5D186CD5B2}.Release|Any CPU.ActiveCfg = Release|Any CPU
		{BAC610F2-23E7-487E-8B54-0C5D186CD5B2}.Release|Any CPU.Build.0 = Release|Any CPU
	EndGlobalSection
	GlobalSection(SolutionProperties) = preSolution
		HideSolutionNode = FALSE
	EndGlobalSection
	GlobalSection(ExtensibilityGlobals) = postSolution
		SolutionGuid = {3FFACCA5-EDA1-479F-8510-A291E2A5E551}
	EndGlobalSection
EndGlobal
